
Microsoft Visual Studio Solution File, Format Version 12.00
# Visual Studio Version 16
VisualStudioVersion = 16.0.32630.194
MinimumVisualStudioVersion = 10.0.40219.1
Project("{FAE04EC0-301F-11D3-BF4B-00C04F79EFBC}") = "Capa_VistaConsultas", "Capa_Vista\Capa_VistaConsultas.csproj", "{C13A3DCC-1028-46CF-84DA-56C299439EA7}"
EndProject
Project("{FAE04EC0-301F-11D3-BF4B-00C04F79EFBC}") = "Capa_ModeloConsultas", "Capa_Modelo\Capa_ModeloConsultas.csproj", "{89010DBE-91C2-49EF-B278-62CA71753822}"
EndProject
Project("{FAE04EC0-301F-11D3-BF4B-00C04F79EFBC}") = "Capa_ControladorConsultas", "Capa_Controlador\Capa_ControladorConsultas.csproj", "{1A893E94-5EAF-4A15-9706-DA3BEFB9DD5D}"
EndProject
Global
	GlobalSection(SolutionConfigurationPlatforms) = preSolution
		Debug|Any CPU = Debug|Any CPU
		Release|Any CPU = Release|Any CPU
	EndGlobalSection
	GlobalSection(ProjectConfigurationPlatforms) = postSolution
		{C13A3DCC-1028-46CF-84DA-56C299439EA7}.Debug|Any CPU.ActiveCfg = Debug|Any CPU
		{C13A3DCC-1028-46CF-84DA-56C299439EA7}.Debug|Any CPU.Build.0 = Debug|Any CPU
		{C13A3DCC-1028-46CF-84DA-56C299439EA7}.Release|Any CPU.ActiveCfg = Release|Any CPU
		{C13A3DCC-1028-46CF-84DA-56C299439EA7}.Release|Any CPU.Build.0 = Release|Any CPU
		{89010DBE-91C2-49EF-B278-62CA71753822}.Debug|Any CPU.ActiveCfg = Debug|Any CPU
		{89010DBE-91C2-49EF-B278-62CA71753822}.Debug|Any CPU.Build.0 = Debug|Any CPU
		{89010DBE-91C2-49EF-B278-62CA71753822}.Release|Any CPU.ActiveCfg = Release|Any CPU
		{89010DBE-91C2-49EF-B278-62CA71753822}.Release|Any CPU.Build.0 = Release|Any CPU
		{1A893E94-5EAF-4A15-9706-DA3BEFB9DD5D}.Debug|Any CPU.ActiveCfg = Debug|Any CPU
		{1A893E94-5EAF-4A15-9706-DA3BEFB9DD5D}.Debug|Any CPU.Build.0 = Debug|Any CPU
		{1A893E94-5EAF-4A15-9706-DA3BEFB9DD5D}.Release|Any CPU.ActiveCfg = Release|Any CPU
		{1A893E94-5EAF-4A15-9706-DA3BEFB9DD5D}.Release|Any CPU.Build.0 = Release|Any CPU
	EndGlobalSection
	GlobalSection(SolutionProperties) = preSolution
		HideSolutionNode = FALSE
	EndGlobalSection
	GlobalSection(ExtensibilityGlobals) = postSolution
		SolutionGuid = {493A1B4B-4648-406D-AAD7-82BCC2CC1A02}
	EndGlobalSection
EndGlobal
