
Microsoft Visual Studio Solution File, Format Version 12.00
# Visual Studio Version 16
VisualStudioVersion = 16.0.32802.440
MinimumVisualStudioVersion = 10.0.40219.1
Project("{FAE04EC0-301F-11D3-BF4B-00C04F79EFBC}") = "Vista_MenuHCV", "Capa_vista\Vista_MenuHCV.csproj", "{658EB388-5D42-4CF5-A8AF-5E074861088A}"
EndProject
Project("{FAE04EC0-301F-11D3-BF4B-00C04F79EFBC}") = "Controlador_MenuHCV", "Capa_controlador\Controlador_MenuHCV.csproj", "{A4D75E74-48C1-44B6-A078-2DBEA0B01F71}"
EndProject
Project("{FAE04EC0-301F-11D3-BF4B-00C04F79EFBC}") = "Modelo_MenuHCV", "Modelo\Modelo_MenuHCV.csproj", "{4786EB0D-2CC7-4F95-91C0-25D7095018B4}"
EndProject
Global
	GlobalSection(SolutionConfigurationPlatforms) = preSolution
		Debug|Any CPU = Debug|Any CPU
		Release|Any CPU = Release|Any CPU
	EndGlobalSection
	GlobalSection(ProjectConfigurationPlatforms) = postSolution
		{658EB388-5D42-4CF5-A8AF-5E074861088A}.Debug|Any CPU.ActiveCfg = Debug|Any CPU
		{658EB388-5D42-4CF5-A8AF-5E074861088A}.Debug|Any CPU.Build.0 = Debug|Any CPU
		{658EB388-5D42-4CF5-A8AF-5E074861088A}.Release|Any CPU.ActiveCfg = Release|Any CPU
		{658EB388-5D42-4CF5-A8AF-5E074861088A}.Release|Any CPU.Build.0 = Release|Any CPU
		{A4D75E74-48C1-44B6-A078-2DBEA0B01F71}.Debug|Any CPU.ActiveCfg = Debug|Any CPU
		{A4D75E74-48C1-44B6-A078-2DBEA0B01F71}.Debug|Any CPU.Build.0 = Debug|Any CPU
		{A4D75E74-48C1-44B6-A078-2DBEA0B01F71}.Release|Any CPU.ActiveCfg = Release|Any CPU
		{A4D75E74-48C1-44B6-A078-2DBEA0B01F71}.Release|Any CPU.Build.0 = Release|Any CPU
		{4786EB0D-2CC7-4F95-91C0-25D7095018B4}.Debug|Any CPU.ActiveCfg = Debug|Any CPU
		{4786EB0D-2CC7-4F95-91C0-25D7095018B4}.Debug|Any CPU.Build.0 = Debug|Any CPU
		{4786EB0D-2CC7-4F95-91C0-25D7095018B4}.Release|Any CPU.ActiveCfg = Release|Any CPU
		{4786EB0D-2CC7-4F95-91C0-25D7095018B4}.Release|Any CPU.Build.0 = Release|Any CPU
	EndGlobalSection
	GlobalSection(SolutionProperties) = preSolution
		HideSolutionNode = FALSE
	EndGlobalSection
	GlobalSection(ExtensibilityGlobals) = postSolution
		SolutionGuid = {E48D5D1C-A571-4345-9DCD-A79AC0B676EA}
	EndGlobalSection
EndGlobal
