
Microsoft Visual Studio Solution File, Format Version 12.00
# Visual Studio Version 16
VisualStudioVersion = 16.0.33927.289
MinimumVisualStudioVersion = 10.0.40219.1
Project("{FAE04EC0-301F-11D3-BF4B-00C04F79EFBC}") = "Autorización Ordenes de compras", "Autorización Ordenes de compras\Autorización Ordenes de compras.csproj", "{859A923D-35D0-4B87-80BD-0C17D000728E}"
EndProject
Project("{FAE04EC0-301F-11D3-BF4B-00C04F79EFBC}") = "CapaControlador", "CapaControlador\CapaControlador.csproj", "{C0BC4184-98A8-46E8-BB59-A257E502DC63}"
EndProject
Project("{FAE04EC0-301F-11D3-BF4B-00C04F79EFBC}") = "CapaModelo", "CapaModelo\CapaModelo.csproj", "{34DFDAAE-FFDC-45AC-822B-77BC508D36AB}"
EndProject
Project("{FAE04EC0-301F-11D3-BF4B-00C04F79EFBC}") = "CapaVista", "CapaVista\CapaVista.csproj", "{8AF6C302-6F9C-442D-A753-34B07F50EA14}"
EndProject
Global
	GlobalSection(SolutionConfigurationPlatforms) = preSolution
		Debug|Any CPU = Debug|Any CPU
		Release|Any CPU = Release|Any CPU
	EndGlobalSection
	GlobalSection(ProjectConfigurationPlatforms) = postSolution
		{859A923D-35D0-4B87-80BD-0C17D000728E}.Debug|Any CPU.ActiveCfg = Debug|Any CPU
		{859A923D-35D0-4B87-80BD-0C17D000728E}.Debug|Any CPU.Build.0 = Debug|Any CPU
		{859A923D-35D0-4B87-80BD-0C17D000728E}.Release|Any CPU.ActiveCfg = Release|Any CPU
		{859A923D-35D0-4B87-80BD-0C17D000728E}.Release|Any CPU.Build.0 = Release|Any CPU
		{C0BC4184-98A8-46E8-BB59-A257E502DC63}.Debug|Any CPU.ActiveCfg = Debug|Any CPU
		{C0BC4184-98A8-46E8-BB59-A257E502DC63}.Debug|Any CPU.Build.0 = Debug|Any CPU
		{C0BC4184-98A8-46E8-BB59-A257E502DC63}.Release|Any CPU.ActiveCfg = Release|Any CPU
		{C0BC4184-98A8-46E8-BB59-A257E502DC63}.Release|Any CPU.Build.0 = Release|Any CPU
		{34DFDAAE-FFDC-45AC-822B-77BC508D36AB}.Debug|Any CPU.ActiveCfg = Debug|Any CPU
		{34DFDAAE-FFDC-45AC-822B-77BC508D36AB}.Debug|Any CPU.Build.0 = Debug|Any CPU
		{34DFDAAE-FFDC-45AC-822B-77BC508D36AB}.Release|Any CPU.ActiveCfg = Release|Any CPU
		{34DFDAAE-FFDC-45AC-822B-77BC508D36AB}.Release|Any CPU.Build.0 = Release|Any CPU
		{8AF6C302-6F9C-442D-A753-34B07F50EA14}.Debug|Any CPU.ActiveCfg = Debug|Any CPU
		{8AF6C302-6F9C-442D-A753-34B07F50EA14}.Debug|Any CPU.Build.0 = Debug|Any CPU
		{8AF6C302-6F9C-442D-A753-34B07F50EA14}.Release|Any CPU.ActiveCfg = Release|Any CPU
		{8AF6C302-6F9C-442D-A753-34B07F50EA14}.Release|Any CPU.Build.0 = Release|Any CPU
	EndGlobalSection
	GlobalSection(SolutionProperties) = preSolution
		HideSolutionNode = FALSE
	EndGlobalSection
	GlobalSection(ExtensibilityGlobals) = postSolution
		SolutionGuid = {B3177084-16DD-4648-B3C3-58E2691FEFCF}
	EndGlobalSection
EndGlobal
