
Microsoft Visual Studio Solution File, Format Version 12.00
# Visual Studio Version 16
VisualStudioVersion = 16.0.33927.289
MinimumVisualStudioVersion = 10.0.40219.1
Project("{FAE04EC0-301F-11D3-BF4B-00C04F79EFBC}") = "CapaVistaNav", "CapaVista\CapaVistaNav.csproj", "{5B7D2663-379B-4A72-A65C-357F318B90F2}"
EndProject
Project("{FAE04EC0-301F-11D3-BF4B-00C04F79EFBC}") = "CapaModeloNav", "CapaModelo\CapaModeloNav.csproj", "{966288AB-7E91-4272-B86E-B8A478E78475}"
EndProject
Project("{FAE04EC0-301F-11D3-BF4B-00C04F79EFBC}") = "CapaControladorNav", "CapaControlador\CapaControladorNav.csproj", "{A6119354-7576-487A-A44E-A5C332A20F4A}"
EndProject
Global
	GlobalSection(SolutionConfigurationPlatforms) = preSolution
		Debug|Any CPU = Debug|Any CPU
		Release|Any CPU = Release|Any CPU
	EndGlobalSection
	GlobalSection(ProjectConfigurationPlatforms) = postSolution
		{5B7D2663-379B-4A72-A65C-357F318B90F2}.Debug|Any CPU.ActiveCfg = Debug|Any CPU
		{5B7D2663-379B-4A72-A65C-357F318B90F2}.Debug|Any CPU.Build.0 = Debug|Any CPU
		{5B7D2663-379B-4A72-A65C-357F318B90F2}.Release|Any CPU.ActiveCfg = Release|Any CPU
		{5B7D2663-379B-4A72-A65C-357F318B90F2}.Release|Any CPU.Build.0 = Release|Any CPU
		{966288AB-7E91-4272-B86E-B8A478E78475}.Debug|Any CPU.ActiveCfg = Debug|Any CPU
		{966288AB-7E91-4272-B86E-B8A478E78475}.Debug|Any CPU.Build.0 = Debug|Any CPU
		{966288AB-7E91-4272-B86E-B8A478E78475}.Release|Any CPU.ActiveCfg = Release|Any CPU
		{966288AB-7E91-4272-B86E-B8A478E78475}.Release|Any CPU.Build.0 = Release|Any CPU
		{A6119354-7576-487A-A44E-A5C332A20F4A}.Debug|Any CPU.ActiveCfg = Debug|Any CPU
		{A6119354-7576-487A-A44E-A5C332A20F4A}.Debug|Any CPU.Build.0 = Debug|Any CPU
		{A6119354-7576-487A-A44E-A5C332A20F4A}.Release|Any CPU.ActiveCfg = Release|Any CPU
		{A6119354-7576-487A-A44E-A5C332A20F4A}.Release|Any CPU.Build.0 = Release|Any CPU
	EndGlobalSection
	GlobalSection(SolutionProperties) = preSolution
		HideSolutionNode = FALSE
	EndGlobalSection
	GlobalSection(ExtensibilityGlobals) = postSolution
		SolutionGuid = {49BEA5D5-3257-4C24-9CF3-6E300CD3CC42}
	EndGlobalSection
EndGlobal
